
Microsoft Visual Studio Solution File, Format Version 12.00
# Visual Studio Version 17
VisualStudioVersion = 17.0.32014.148
MinimumVisualStudioVersion = 10.0.40219.1
Project("{FAE04EC0-301F-11D3-BF4B-00C04F79EFBC}") = "arraysortquick", "arraysortquick\arraysortquick.csproj", "{3768C770-B635-4177-9ACC-04A3F210D3A8}"
EndProject
Global
	GlobalSection(SolutionConfigurationPlatforms) = preSolution
		Debug|Any CPU = Debug|Any CPU
		Release|Any CPU = Release|Any CPU
	EndGlobalSection
	GlobalSection(ProjectConfigurationPlatforms) = postSolution
		{3768C770-B635-4177-9ACC-04A3F210D3A8}.Debug|Any CPU.ActiveCfg = Debug|Any CPU
		{3768C770-B635-4177-9ACC-04A3F210D3A8}.Debug|Any CPU.Build.0 = Debug|Any CPU
		{3768C770-B635-4177-9ACC-04A3F210D3A8}.Release|Any CPU.ActiveCfg = Release|Any CPU
		{3768C770-B635-4177-9ACC-04A3F210D3A8}.Release|Any CPU.Build.0 = Release|Any CPU
	EndGlobalSection
	GlobalSection(SolutionProperties) = preSolution
		HideSolutionNode = FALSE
	EndGlobalSection
	GlobalSection(ExtensibilityGlobals) = postSolution
		SolutionGuid = {C9FFA10C-D3C7-4CCB-A6DE-8FF504E6FEE6}
	EndGlobalSection
EndGlobal
